# THIS IS AN AUTOGENERATED FILE. DO NOT EDIT THIS FILE DIRECTLY.
# yarn lockfile v1


react-ga@^3.3.1:
  version "3.3.1"
  resolved "https://registry.yarnpkg.com/react-ga/-/react-ga-3.3.1.tgz#d8e1f4e05ec55ed6ff944dcb14b99011dfaf9504"
  integrity sha512-4Vc0W5EvXAXUN/wWyxvsAKDLLgtJ3oLmhYYssx+YzphJpejtOst6cbIHCIyF50Fdxuf5DDKqRYny24yJ2y7GFQ==
